Microsoft Visual Studio Solution File, Format Version 11.00
# Visual Studio 2008

Project("{63AD3072-DC54-72BB-44C2-C42EDE26D90F}") = "Darkness", "Assembly-CSharp.csproj", "{7982A02A-1621-1C9A-BE29-5FB0F1014F97}"
EndProject
Project("{63AD3072-DC54-72BB-44C2-C42EDE26D90F}") = "Darkness", "Assembly-CSharp-Editor.csproj", "{4685FA32-C10D-C2E0-8655-10B050189C95}"
EndProject
Project("{63AD3072-DC54-72BB-44C2-C42EDE26D90F}") = "Darkness", "Assembly-UnityScript.unityproj", "{DF321C84-48C5-B366-F59B-53D267692F7C}"
EndProject
Global
	GlobalSection(SolutionConfigurationPlatforms) = preSolution
		Debug|Any CPU = Debug|Any CPU
		Release|Any CPU = Release|Any CPU
	EndGlobalSection
	GlobalSection(ProjectConfigurationPlatforms) = postSolution
		{7982A02A-1621-1C9A-BE29-5FB0F1014F97}.Debug|Any CPU.ActiveCfg = Debug|Any CPU
		{7982A02A-1621-1C9A-BE29-5FB0F1014F97}.Debug|Any CPU.Build.0 = Debug|Any CPU
		{7982A02A-1621-1C9A-BE29-5FB0F1014F97}.Release|Any CPU.ActiveCfg = Release|Any CPU
		{7982A02A-1621-1C9A-BE29-5FB0F1014F97}.Release|Any CPU.Build.0 = Release|Any CPU
		{4685FA32-C10D-C2E0-8655-10B050189C95}.Debug|Any CPU.ActiveCfg = Debug|Any CPU
		{4685FA32-C10D-C2E0-8655-10B050189C95}.Debug|Any CPU.Build.0 = Debug|Any CPU
		{4685FA32-C10D-C2E0-8655-10B050189C95}.Release|Any CPU.ActiveCfg = Release|Any CPU
		{4685FA32-C10D-C2E0-8655-10B050189C95}.Release|Any CPU.Build.0 = Release|Any CPU
		{DF321C84-48C5-B366-F59B-53D267692F7C}.Debug|Any CPU.ActiveCfg = Debug|Any CPU
		{DF321C84-48C5-B366-F59B-53D267692F7C}.Debug|Any CPU.Build.0 = Debug|Any CPU
		{DF321C84-48C5-B366-F59B-53D267692F7C}.Release|Any CPU.ActiveCfg = Release|Any CPU
		{DF321C84-48C5-B366-F59B-53D267692F7C}.Release|Any CPU.Build.0 = Release|Any CPU
	EndGlobalSection
	GlobalSection(SolutionProperties) = preSolution
		HideSolutionNode = FALSE
	EndGlobalSection
																																																GlobalSection(MonoDevelopProperties) = preSolution
		StartupItem = Assembly-CSharp.csproj
		Policies = $0
		$0.TextStylePolicy = $1
		$1.inheritsSet = null
		$1.scope = text/x-csharp
		$0.CSharpFormattingPolicy = $2
		$2.inheritsSet = Mono
		$2.inheritsScope = text/x-csharp
		$2.scope = text/x-csharp
		$0.TextStylePolicy = $3
		$3.FileWidth = 120
		$3.TabWidth = 4
		$3.EolMarker = Unix
		$3.inheritsSet = Mono
		$3.inheritsScope = text/plain
		$3.scope = text/plain
	EndGlobalSection

EndGlobal
